
Microsoft Visual Studio Solution File, Format Version 12.00
# Visual Studio Version 16
VisualStudioVersion = 16.0.28803.202
MinimumVisualStudioVersion = 10.0.40219.1
Project("{8BC9CEB8-8B4A-11D0-8D11-00A0C91BC942}") = "Link's Awakening", "Link's Awakening\Link's Awakening.vcxproj", "{B982E487-DB24-4C9A-8D62-4F398279DCE8}"
EndProject
Global
	GlobalSection(SolutionConfigurationPlatforms) = preSolution
		Debug|x64 = Debug|x64
		Debug|x86 = Debug|x86
		Release|x64 = Release|x64
		Release|x86 = Release|x86
	EndGlobalSection
	GlobalSection(ProjectConfigurationPlatforms) = postSolution
		{B982E487-DB24-4C9A-8D62-4F398279DCE8}.Debug|x64.ActiveCfg = Debug|x64
		{B982E487-DB24-4C9A-8D62-4F398279DCE8}.Debug|x64.Build.0 = Debug|x64
		{B982E487-DB24-4C9A-8D62-4F398279DCE8}.Debug|x86.ActiveCfg = Debug|Win32
		{B982E487-DB24-4C9A-8D62-4F398279DCE8}.Debug|x86.Build.0 = Debug|Win32
		{B982E487-DB24-4C9A-8D62-4F398279DCE8}.Release|x64.ActiveCfg = Release|x64
		{B982E487-DB24-4C9A-8D62-4F398279DCE8}.Release|x64.Build.0 = Release|x64
		{B982E487-DB24-4C9A-8D62-4F398279DCE8}.Release|x86.ActiveCfg = Release|Win32
		{B982E487-DB24-4C9A-8D62-4F398279DCE8}.Release|x86.Build.0 = Release|Win32
	EndGlobalSection
	GlobalSection(SolutionProperties) = preSolution
		HideSolutionNode = FALSE
	EndGlobalSection
	GlobalSection(ExtensibilityGlobals) = postSolution
		SolutionGuid = {7DFBBEE7-21F9-4E5E-A253-D2D1AE0D6937}
	EndGlobalSection
EndGlobal
